
Microsoft Visual Studio Solution File, Format Version 12.00
# Visual Studio Version 17
VisualStudioVersion = 17.14.36127.28 d17.14
MinimumVisualStudioVersion = 10.0.40219.1
Project("{FAE04EC0-301F-11D3-BF4B-00C04F79EFBC}") = "FormulaValidator", "FormulaValidator\FormulaValidator.csproj", "{984E4746-778A-44E2-BA51-B99208E245EA}"
EndProject
Project("{FAE04EC0-301F-11D3-BF4B-00C04F79EFBC}") = "FormulaValidator.Tests", "FormulaValidator.Tests\FormulaValidator.Tests.csproj", "{1267224B-E10E-4019-A8F5-073D56F23947}"
EndProject
Global
	GlobalSection(SolutionConfigurationPlatforms) = preSolution
		Debug|Any CPU = Debug|Any CPU
		Release|Any CPU = Release|Any CPU
	EndGlobalSection
	GlobalSection(ProjectConfigurationPlatforms) = postSolution
		{984E4746-778A-44E2-BA51-B99208E245EA}.Debug|Any CPU.ActiveCfg = Debug|Any CPU
		{984E4746-778A-44E2-BA51-B99208E245EA}.Debug|Any CPU.Build.0 = Debug|Any CPU
		{984E4746-778A-44E2-BA51-B99208E245EA}.Release|Any CPU.ActiveCfg = Release|Any CPU
		{984E4746-778A-44E2-BA51-B99208E245EA}.Release|Any CPU.Build.0 = Release|Any CPU
		{1267224B-E10E-4019-A8F5-073D56F23947}.Debug|Any CPU.ActiveCfg = Debug|Any CPU
		{1267224B-E10E-4019-A8F5-073D56F23947}.Debug|Any CPU.Build.0 = Debug|Any CPU
		{1267224B-E10E-4019-A8F5-073D56F23947}.Release|Any CPU.ActiveCfg = Release|Any CPU
		{1267224B-E10E-4019-A8F5-073D56F23947}.Release|Any CPU.Build.0 = Release|Any CPU
	EndGlobalSection
	GlobalSection(SolutionProperties) = preSolution
		HideSolutionNode = FALSE
	EndGlobalSection
	GlobalSection(ExtensibilityGlobals) = postSolution
		SolutionGuid = {0C0CE3FB-7267-43BF-BD54-D153AF2EF501}
	EndGlobalSection
EndGlobal
